// !$*UTF8*$!
{
	archiveVersion = 1;
	classes = {
	};
	objectVersion = 46;
	objects = {

/* Begin PBXBuildFile section */
		5F021C891EB1B0B000923682 /* umi.png in Resources */ = {isa = PBXBuildFile; fileRef = 5F021C881EB1B0B000923682 /* umi.png */; };
		5F04D0E31EABDE080063854C /* List.png in Resources */ = {isa = PBXBuildFile; fileRef = 5F04D0E21EABDE080063854C /* List.png */; };
		5F065FF81EA9CF3800DBBADF /* customPin.swift in Sources */ = {isa = PBXBuildFile; fileRef = 5F065FF71EA9CF3800DBBADF /* customPin.swift */; };
		5F0874A51E93700E0027A0D6 /* myApp.xcdatamodeld in Sources */ = {isa = PBXBuildFile; fileRef = 5F0874A31E93700E0027A0D6 /* myApp.xcdatamodeld */; };
		5F0C2FA91EA4946A005E017D /* listViewController.swift in Sources */ = {isa = PBXBuildFile; fileRef = 5F0C2FA81EA4946A005E017D /* listViewController.swift */; };
		5F18080D1EA73A9C008A8380 /* DIARY+CoreDataClass.swift in Sources */ = {isa = PBXBuildFile; fileRef = 5F18080B1EA73A9C008A8380 /* DIARY+CoreDataClass.swift */; };
		5F18080E1EA73A9C008A8380 /* DIARY+CoreDataProperties.swift in Sources */ = {isa = PBXBuildFile; fileRef = 5F18080C1EA73A9C008A8380 /* DIARY+CoreDataProperties.swift */; };
		5F1A69DC1EB9AD0F009542B3 /* GoogleMobileAds.framework in Frameworks */ = {isa = PBXBuildFile; fileRef = 5F1A69DB1EB9AD0F009542B3 /* GoogleMobileAds.framework */; };
		5F1A69DF1EB9AD7E009542B3 /* AdSupport.framework in Frameworks */ = {isa = PBXBuildFile; fileRef = 5F1A69DE1EB9AD7E009542B3 /* AdSupport.framework */; };
		5F1A69E11EB9ADB7009542B3 /* AudioToolbox.framework in Frameworks */ = {isa = PBXBuildFile; fileRef = 5F1A69E01EB9ADB7009542B3 /* AudioToolbox.framework */; };
		5F1A69E31EB9ADCA009542B3 /* AVFoundation.framework in Frameworks */ = {isa = PBXBuildFile; fileRef = 5F1A69E21EB9ADCA009542B3 /* AVFoundation.framework */; };
		5F1A69E51EB9ADD9009542B3 /* CoreGraphics.framework in Frameworks */ = {isa = PBXBuildFile; fileRef = 5F1A69E41EB9ADD9009542B3 /* CoreGraphics.framework */; };
		5F1A69E71EB9ADE5009542B3 /* CoreTelephony.framework in Frameworks */ = {isa = PBXBuildFile; fileRef = 5F1A69E61EB9ADE5009542B3 /* CoreTelephony.framework */; };
		5F1A69E91EB9ADF7009542B3 /* EventKit.framework in Frameworks */ = {isa = PBXBuildFile; fileRef = 5F1A69E81EB9ADF7009542B3 /* EventKit.framework */; };
		5F1A69EB1EB9AE01009542B3 /* EventKitUI.framework in Frameworks */ = {isa = PBXBuildFile; fileRef = 5F1A69EA1EB9AE01009542B3 /* EventKitUI.framework */; };
		5F1A69ED1EB9AE0C009542B3 /* MessageUI.framework in Frameworks */ = {isa = PBXBuildFile; fileRef = 5F1A69EC1EB9AE0C009542B3 /* MessageUI.framework */; };
		5F1A69EF1EB9AE16009542B3 /* StoreKit.framework in Frameworks */ = {isa = PBXBuildFile; fileRef = 5F1A69EE1EB9AE16009542B3 /* StoreKit.framework */; };
		5F1A69F11EB9AE1F009542B3 /* SystemConfiguration.framework in Frameworks */ = {isa = PBXBuildFile; fileRef = 5F1A69F01EB9AE1F009542B3 /* SystemConfiguration.framework */; };
		5F4A3DD31E88F424005F26E5 /* AppDelegate.swift in Sources */ = {isa = PBXBuildFile; fileRef = 5F4A3DD21E88F424005F26E5 /* AppDelegate.swift */; };
		5F4A3DD51E88F424005F26E5 /* ViewController.swift in Sources */ = {isa = PBXBuildFile; fileRef = 5F4A3DD41E88F424005F26E5 /* ViewController.swift */; };
		5F4A3DD81E88F424005F26E5 /* Main.storyboard in Resources */ = {isa = PBXBuildFile; fileRef = 5F4A3DD61E88F424005F26E5 /* Main.storyboard */; };
		5F4A3DDA1E88F424005F26E5 /* Assets.xcassets in Resources */ = {isa = PBXBuildFile; fileRef = 5F4A3DD91E88F424005F26E5 /* Assets.xcassets */; };
		5F4A3DDD1E88F424005F26E5 /* LaunchScreen.storyboard in Resources */ = {isa = PBXBuildFile; fileRef = 5F4A3DDB1E88F424005F26E5 /* LaunchScreen.storyboard */; };
		5F4A3DE81E88F424005F26E5 /* myAppTests.swift in Sources */ = {isa = PBXBuildFile; fileRef = 5F4A3DE71E88F424005F26E5 /* myAppTests.swift */; };
		5F4A3DF31E88F424005F26E5 /* myAppUITests.swift in Sources */ = {isa = PBXBuildFile; fileRef = 5F4A3DF21E88F424005F26E5 /* myAppUITests.swift */; };
		5F4A3E031E88F986005F26E5 /* writeDiaryViewController.swift in Sources */ = {isa = PBXBuildFile; fileRef = 5F4A3E021E88F986005F26E5 /* writeDiaryViewController.swift */; };
		5F4A3E051E88F9DB005F26E5 /* memoViewController.swift in Sources */ = {isa = PBXBuildFile; fileRef = 5F4A3E041E88F9DB005F26E5 /* memoViewController.swift */; };
		5F55314F1EACC675004025E4 /* kame.png in Resources */ = {isa = PBXBuildFile; fileRef = 5F55314E1EACC675004025E4 /* kame.png */; };
		5F7FF96D1EAB415E00FB770C /* mainTabbarController.swift in Sources */ = {isa = PBXBuildFile; fileRef = 5F7FF96C1EAB415E00FB770C /* mainTabbarController.swift */; };
		5F7FF96F1EAB60A400FB770C /* haikei.png in Resources */ = {isa = PBXBuildFile; fileRef = 5F7FF96E1EAB60A400FB770C /* haikei.png */; };
		5F9095C71EAE7B7D008BD453 /* Note.png in Resources */ = {isa = PBXBuildFile; fileRef = 5F9095C61EAE7B7D008BD453 /* Note.png */; };
		5F9095C91EAE7BA4008BD453 /* Pin.png in Resources */ = {isa = PBXBuildFile; fileRef = 5F9095C81EAE7BA4008BD453 /* Pin.png */; };
		5FE522951E8E1D860004D0FC /* showDiaryViewController.swift in Sources */ = {isa = PBXBuildFile; fileRef = 5FE522941E8E1D860004D0FC /* showDiaryViewController.swift */; };
		5FE657271E8CD4580090ACAC /* mapMapViewController.swift in Sources */ = {isa = PBXBuildFile; fileRef = 5FE657261E8CD4580090ACAC /* mapMapViewController.swift */; };
		5FF4B8221EACAA05009920FD /* kesiki.jpg in Resources */ = {isa = PBXBuildFile; fileRef = 5FF4B8211EACAA05009920FD /* kesiki.jpg */; };
/* End PBXBuildFile section */

/* Begin PBXContainerItemProxy section */
		5F4A3DE41E88F424005F26E5 /* PBXContainerItemProxy */ = {
			isa = PBXContainerItemProxy;
			containerPortal = 5F4A3DC71E88F424005F26E5 /* Project object */;
			proxyType = 1;
			remoteGlobalIDString = 5F4A3DCE1E88F424005F26E5;
			remoteInfo = myApp;
		};
		5F4A3DEF1E88F424005F26E5 /* PBXContainerItemProxy */ = {
			isa = PBXContainerItemProxy;
			containerPortal = 5F4A3DC71E88F424005F26E5 /* Project object */;
			proxyType = 1;
			remoteGlobalIDString = 5F4A3DCE1E88F424005F26E5;
			remoteInfo = myApp;
		};
/* End PBXContainerItemProxy section */

/* Begin PBXFileReference section */
		5F021C881EB1B0B000923682 /* umi.png */ = {isa = PBXFileReference; lastKnownFileType = image.png; path = umi.png; sourceTree = "<group>"; };
		5F04D0E21EABDE080063854C /* List.png */ = {isa = PBXFileReference; lastKnownFileType = image.png; path = List.png; sourceTree = "<group>"; };
		5F065FF71EA9CF3800DBBADF /* customPin.swift */ = {isa = PBXFileReference; fileEncoding = 4; lastKnownFileType = sourcecode.swift; path = customPin.swift; sourceTree = "<group>"; };
		5F0874A41E93700E0027A0D6 /* myApp.xcdatamodel */ = {isa = PBXFileReference; lastKnownFileType = wrapper.xcdatamodel; path = myApp.xcdatamodel; sourceTree = "<group>"; };
		5F0C2FA81EA4946A005E017D /* listViewController.swift */ = {isa = PBXFileReference; fileEncoding = 4; lastKnownFileType = sourcecode.swift; path = listViewController.swift; sourceTree = "<group>"; };
		5F18080B1EA73A9C008A8380 /* DIARY+CoreDataClass.swift */ = {isa = PBXFileReference; fileEncoding = 4; lastKnownFileType = sourcecode.swift; path = "DIARY+CoreDataClass.swift"; sourceTree = "<group>"; };
		5F18080C1EA73A9C008A8380 /* DIARY+CoreDataProperties.swift */ = {isa = PBXFileReference; fileEncoding = 4; lastKnownFileType = sourcecode.swift; path = "DIARY+CoreDataProperties.swift"; sourceTree = "<group>"; };
		5F1A69DB1EB9AD0F009542B3 /* GoogleMobileAds.framework */ = {isa = PBXFileReference; lastKnownFileType = wrapper.framework; path = GoogleMobileAds.framework; sourceTree = "<group>"; };
		5F1A69DE1EB9AD7E009542B3 /* AdSupport.framework */ = {isa = PBXFileReference; lastKnownFileType = wrapper.framework; name = AdSupport.framework; path = System/Library/Frameworks/AdSupport.framework; sourceTree = SDKROOT; };
		5F1A69E01EB9ADB7009542B3 /* AudioToolbox.framework */ = {isa = PBXFileReference; lastKnownFileType = wrapper.framework; name = AudioToolbox.framework; path = System/Library/Frameworks/AudioToolbox.framework; sourceTree = SDKROOT; };
		5F1A69E21EB9ADCA009542B3 /* AVFoundation.framework */ = {isa = PBXFileReference; lastKnownFileType = wrapper.framework; name = AVFoundation.framework; path = System/Library/Frameworks/AVFoundation.framework; sourceTree = SDKROOT; };
		5F1A69E41EB9ADD9009542B3 /* CoreGraphics.framework */ = {isa = PBXFileReference; lastKnownFileType = wrapper.framework; name = CoreGraphics.framework; path = System/Library/Frameworks/CoreGraphics.framework; sourceTree = SDKROOT; };
		5F1A69E61EB9ADE5009542B3 /* CoreTelephony.framework */ = {isa = PBXFileReference; lastKnownFileType = wrapper.framework; name = CoreTelephony.framework; path = System/Library/Frameworks/CoreTelephony.framework; sourceTree = SDKROOT; };
		5F1A69E81EB9ADF7009542B3 /* EventKit.framework */ = {isa = PBXFileReference; lastKnownFileType = wrapper.framework; name = EventKit.framework; path = System/Library/Frameworks/EventKit.framework; sourceTree = SDKROOT; };
		5F1A69EA1EB9AE01009542B3 /* EventKitUI.framework */ = {isa = PBXFileReference; lastKnownFileType = wrapper.framework; name = EventKitUI.framework; path = System/Library/Frameworks/EventKitUI.framework; sourceTree = SDKROOT; };
		5F1A69EC1EB9AE0C009542B3 /* MessageUI.framework */ = {isa = PBXFileReference; lastKnownFileType = wrapper.framework; name = MessageUI.framework; path = System/Library/Frameworks/MessageUI.framework; sourceTree = SDKROOT; };
		5F1A69EE1EB9AE16009542B3 /* StoreKit.framework */ = {isa = PBXFileReference; lastKnownFileType = wrapper.framework; name = StoreKit.framework; path = System/Library/Frameworks/StoreKit.framework; sourceTree = SDKROOT; };
		5F1A69F01EB9AE1F009542B3 /* SystemConfiguration.framework */ = {isa = PBXFileReference; lastKnownFileType = wrapper.framework; name = SystemConfiguration.framework; path = System/Library/Frameworks/SystemConfiguration.framework; sourceTree = SDKROOT; };
		5F4A3DCF1E88F424005F26E5 /* myApp.app */ = {isa = PBXFileReference; explicitFileType = wrapper.application; includeInIndex = 0; path = myApp.app; sourceTree = BUILT_PRODUCTS_DIR; };
		5F4A3DD21E88F424005F26E5 /* AppDelegate.swift */ = {isa = PBXFileReference; lastKnownFileType = sourcecode.swift; path = AppDelegate.swift; sourceTree = "<group>"; };
		5F4A3DD41E88F424005F26E5 /* ViewController.swift */ = {isa = PBXFileReference; lastKnownFileType = sourcecode.swift; path = ViewController.swift; sourceTree = "<group>"; };
		5F4A3DD71E88F424005F26E5 /* Base */ = {isa = PBXFileReference; lastKnownFileType = file.storyboard; name = Base; path = Base.lproj/Main.storyboard; sourceTree = "<group>"; };
		5F4A3DD91E88F424005F26E5 /* Assets.xcassets */ = {isa = PBXFileReference; lastKnownFileType = folder.assetcatalog; path = Assets.xcassets; sourceTree = "<group>"; };
		5F4A3DDC1E88F424005F26E5 /* Base */ = {isa = PBXFileReference; lastKnownFileType = file.storyboard; name = Base; path = Base.lproj/LaunchScreen.storyboard; sourceTree = "<group>"; };
		5F4A3DDE1E88F424005F26E5 /* Info.plist */ = {isa = PBXFileReference; lastKnownFileType = text.plist.xml; path = Info.plist; sourceTree = "<group>"; };
		5F4A3DE31E88F424005F26E5 /* myAppTests.xctest */ = {isa = PBXFileReference; explicitFileType = wrapper.cfbundle; includeInIndex = 0; path = myAppTests.xctest; sourceTree = BUILT_PRODUCTS_DIR; };
		5F4A3DE71E88F424005F26E5 /* myAppTests.swift */ = {isa = PBXFileReference; lastKnownFileType = sourcecode.swift; path = myAppTests.swift; sourceTree = "<group>"; };
		5F4A3DE91E88F424005F26E5 /* Info.plist */ = {isa = PBXFileReference; lastKnownFileType = text.plist.xml; path = Info.plist; sourceTree = "<group>"; };
		5F4A3DEE1E88F424005F26E5 /* myAppUITests.xctest */ = {isa = PBXFileReference; explicitFileType = wrapper.cfbundle; includeInIndex = 0; path = myAppUITests.xctest; sourceTree = BUILT_PRODUCTS_DIR; };
		5F4A3DF21E88F424005F26E5 /* myAppUITests.swift */ = {isa = PBXFileReference; lastKnownFileType = sourcecode.swift; path = myAppUITests.swift; sourceTree = "<group>"; };
		5F4A3DF41E88F424005F26E5 /* Info.plist */ = {isa = PBXFileReference; lastKnownFileType = text.plist.xml; path = Info.plist; sourceTree = "<group>"; };
		5F4A3E021E88F986005F26E5 /* writeDiaryViewController.swift */ = {isa = PBXFileReference; fileEncoding = 4; lastKnownFileType = sourcecode.swift; path = writeDiaryViewController.swift; sourceTree = "<group>"; };
		5F4A3E041E88F9DB005F26E5 /* memoViewController.swift */ = {isa = PBXFileReference; fileEncoding = 4; lastKnownFileType = sourcecode.swift; path = memoViewController.swift; sourceTree = "<group>"; };
		5F55314E1EACC675004025E4 /* kame.png */ = {isa = PBXFileReference; lastKnownFileType = image.png; path = kame.png; sourceTree = "<group>"; };
		5F7FF96C1EAB415E00FB770C /* mainTabbarController.swift */ = {isa = PBXFileReference; fileEncoding = 4; lastKnownFileType = sourcecode.swift; path = mainTabbarController.swift; sourceTree = "<group>"; };
		5F7FF96E1EAB60A400FB770C /* haikei.png */ = {isa = PBXFileReference; lastKnownFileType = image.png; path = haikei.png; sourceTree = "<group>"; };
		5F9095C61EAE7B7D008BD453 /* Note.png */ = {isa = PBXFileReference; lastKnownFileType = image.png; path = Note.png; sourceTree = "<group>"; };
		5F9095C81EAE7BA4008BD453 /* Pin.png */ = {isa = PBXFileReference; lastKnownFileType = image.png; path = Pin.png; sourceTree = "<group>"; };
		5FE522941E8E1D860004D0FC /* showDiaryViewController.swift */ = {isa = PBXFileReference; fileEncoding = 4; lastKnownFileType = sourcecode.swift; path = showDiaryViewController.swift; sourceTree = "<group>"; };
		5FE657261E8CD4580090ACAC /* mapMapViewController.swift */ = {isa = PBXFileReference; fileEncoding = 4; lastKnownFileType = sourcecode.swift; path = mapMapViewController.swift; sourceTree = "<group>"; };
		5FF4B8211EACAA05009920FD /* kesiki.jpg */ = {isa = PBXFileReference; lastKnownFileType = image.jpeg; path = kesiki.jpg; sourceTree = "<group>"; };
/* End PBXFileReference section */

/* Begin PBXFrameworksBuildPhase section */
		5F4A3DCC1E88F424005F26E5 /* Frameworks */ = {
			isa = PBXFrameworksBuildPhase;
			buildActionMask = 2147483647;
			files = (
				5F1A69F11EB9AE1F009542B3 /* SystemConfiguration.framework in Frameworks */,
				5F1A69EF1EB9AE16009542B3 /* StoreKit.framework in Frameworks */,
				5F1A69ED1EB9AE0C009542B3 /* MessageUI.framework in Frameworks */,
				5F1A69EB1EB9AE01009542B3 /* EventKitUI.framework in Frameworks */,
				5F1A69E91EB9ADF7009542B3 /* EventKit.framework in Frameworks */,
				5F1A69E71EB9ADE5009542B3 /* CoreTelephony.framework in Frameworks */,
				5F1A69E51EB9ADD9009542B3 /* CoreGraphics.framework in Frameworks */,
				5F1A69E31EB9ADCA009542B3 /* AVFoundation.framework in Frameworks */,
				5F1A69E11EB9ADB7009542B3 /* AudioToolbox.framework in Frameworks */,
				5F1A69DF1EB9AD7E009542B3 /* AdSupport.framework in Frameworks */,
				5F1A69DC1EB9AD0F009542B3 /* GoogleMobileAds.framework in Frameworks */,
			);
			runOnlyForDeploymentPostprocessing = 0;
		};
		5F4A3DE01E88F424005F26E5 /* Frameworks */ = {
			isa = PBXFrameworksBuildPhase;
			buildActionMask = 2147483647;
			files = (
			);
			runOnlyForDeploymentPostprocessing = 0;
		};
		5F4A3DEB1E88F424005F26E5 /* Frameworks */ = {
			isa = PBXFrameworksBuildPhase;
			buildActionMask = 2147483647;
			files = (
			);
			runOnlyForDeploymentPostprocessing = 0;
		};
/* End PBXFrameworksBuildPhase section */

/* Begin PBXGroup section */
		5F1A69DD1EB9AD7E009542B3 /* Frameworks */ = {
			isa = PBXGroup;
			children = (
				5F1A69F01EB9AE1F009542B3 /* SystemConfiguration.framework */,
				5F1A69EE1EB9AE16009542B3 /* StoreKit.framework */,
				5F1A69EC1EB9AE0C009542B3 /* MessageUI.framework */,
				5F1A69EA1EB9AE01009542B3 /* EventKitUI.framework */,
				5F1A69E81EB9ADF7009542B3 /* EventKit.framework */,
				5F1A69E61EB9ADE5009542B3 /* CoreTelephony.framework */,
				5F1A69E41EB9ADD9009542B3 /* CoreGraphics.framework */,
				5F1A69E21EB9ADCA009542B3 /* AVFoundation.framework */,
				5F1A69E01EB9ADB7009542B3 /* AudioToolbox.framework */,
				5F1A69DE1EB9AD7E009542B3 /* AdSupport.framework */,
			);
			name = Frameworks;
			sourceTree = "<group>";
		};
		5F4A3DC61E88F424005F26E5 = {
			isa = PBXGroup;
			children = (
				5F18080B1EA73A9C008A8380 /* DIARY+CoreDataClass.swift */,
				5F18080C1EA73A9C008A8380 /* DIARY+CoreDataProperties.swift */,
				5F4A3DD11E88F424005F26E5 /* myApp */,
				5F4A3DE61E88F424005F26E5 /* myAppTests */,
				5F4A3DF11E88F424005F26E5 /* myAppUITests */,
				5F4A3DD01E88F424005F26E5 /* Products */,
				5F1A69DD1EB9AD7E009542B3 /* Frameworks */,
			);
			sourceTree = "<group>";
		};
		5F4A3DD01E88F424005F26E5 /* Products */ = {
			isa = PBXGroup;
			children = (
				5F4A3DCF1E88F424005F26E5 /* myApp.app */,
				5F4A3DE31E88F424005F26E5 /* myAppTests.xctest */,
				5F4A3DEE1E88F424005F26E5 /* myAppUITests.xctest */,
			);
			name = Products;
			sourceTree = "<group>";
		};
		5F4A3DD11E88F424005F26E5 /* myApp */ = {
			isa = PBXGroup;
			children = (
				5F1A69DB1EB9AD0F009542B3 /* GoogleMobileAds.framework */,
				5F9095C61EAE7B7D008BD453 /* Note.png */,
				5F9095C81EAE7BA4008BD453 /* Pin.png */,
				5F04D0E21EABDE080063854C /* List.png */,
				5F55314E1EACC675004025E4 /* kame.png */,
				5F7FF96E1EAB60A400FB770C /* haikei.png */,
				5FF4B8211EACAA05009920FD /* kesiki.jpg */,
				5F021C881EB1B0B000923682 /* umi.png */,
				5F4A3DD21E88F424005F26E5 /* AppDelegate.swift */,
				5F4A3DD41E88F424005F26E5 /* ViewController.swift */,
				5F4A3DD61E88F424005F26E5 /* Main.storyboard */,
				5F7FF96C1EAB415E00FB770C /* mainTabbarController.swift */,
				5F4A3DD91E88F424005F26E5 /* Assets.xcassets */,
				5F4A3DDB1E88F424005F26E5 /* LaunchScreen.storyboard */,
				5F4A3DDE1E88F424005F26E5 /* Info.plist */,
				5F4A3E021E88F986005F26E5 /* writeDiaryViewController.swift */,
				5F4A3E041E88F9DB005F26E5 /* memoViewController.swift */,
				5FE657261E8CD4580090ACAC /* mapMapViewController.swift */,
				5FE522941E8E1D860004D0FC /* showDiaryViewController.swift */,
				5F0874A31E93700E0027A0D6 /* myApp.xcdatamodeld */,
				5F0C2FA81EA4946A005E017D /* listViewController.swift */,
				5F065FF71EA9CF3800DBBADF /* customPin.swift */,
			);
			path = myApp;
			sourceTree = "<group>";
		};
		5F4A3DE61E88F424005F26E5 /* myAppTests */ = {
			isa = PBXGroup;
			children = (
				5F4A3DE71E88F424005F26E5 /* myAppTests.swift */,
				5F4A3DE91E88F424005F26E5 /* Info.plist */,
			);
			path = myAppTests;
			sourceTree = "<group>";
		};
		5F4A3DF11E88F424005F26E5 /* myAppUITests */ = {
			isa = PBXGroup;
			children = (
				5F4A3DF21E88F424005F26E5 /* myAppUITests.swift */,
				5F4A3DF41E88F424005F26E5 /* Info.plist */,
			);
			path = myAppUITests;
			sourceTree = "<group>";
		};
/* End PBXGroup section */

/* Begin PBXNativeTarget section */
		5F4A3DCE1E88F424005F26E5 /* myApp */ = {
			isa = PBXNativeTarget;
			buildConfigurationList = 5F4A3DF71E88F424005F26E5 /* Build configuration list for PBXNativeTarget "myApp" */;
			buildPhases = (
				5F4A3DCB1E88F424005F26E5 /* Sources */,
				5F4A3DCC1E88F424005F26E5 /* Frameworks */,
				5F4A3DCD1E88F424005F26E5 /* Resources */,
			);
			buildRules = (
			);
			dependencies = (
			);
			name = myApp;
			productName = myApp;
			productReference = 5F4A3DCF1E88F424005F26E5 /* myApp.app */;
			productType = "com.apple.product-type.application";
		};
		5F4A3DE21E88F424005F26E5 /* myAppTests */ = {
			isa = PBXNativeTarget;
			buildConfigurationList = 5F4A3DFA1E88F424005F26E5 /* Build configuration list for PBXNativeTarget "myAppTests" */;
			buildPhases = (
				5F4A3DDF1E88F424005F26E5 /* Sources */,
				5F4A3DE01E88F424005F26E5 /* Frameworks */,
				5F4A3DE11E88F424005F26E5 /* Resources */,
			);
			buildRules = (
			);
			dependencies = (
				5F4A3DE51E88F424005F26E5 /* PBXTargetDependency */,
			);
			name = myAppTests;
			productName = myAppTests;
			productReference = 5F4A3DE31E88F424005F26E5 /* myAppTests.xctest */;
			productType = "com.apple.product-type.bundle.unit-test";
		};
		5F4A3DED1E88F424005F26E5 /* myAppUITests */ = {
			isa = PBXNativeTarget;
			buildConfigurationList = 5F4A3DFD1E88F424005F26E5 /* Build configuration list for PBXNativeTarget "myAppUITests" */;
			buildPhases = (
				5F4A3DEA1E88F424005F26E5 /* Sources */,
				5F4A3DEB1E88F424005F26E5 /* Frameworks */,
				5F4A3DEC1E88F424005F26E5 /* Resources */,
			);
			buildRules = (
			);
			dependencies = (
				5F4A3DF01E88F424005F26E5 /* PBXTargetDependency */,
			);
			name = myAppUITests;
			productName = myAppUITests;
			productReference = 5F4A3DEE1E88F424005F26E5 /* myAppUITests.xctest */;
			productType = "com.apple.product-type.bundle.ui-testing";
		};
/* End PBXNativeTarget section */

/* Begin PBXProject section */
		5F4A3DC71E88F424005F26E5 /* Project object */ = {
			isa = PBXProject;
			attributes = {
				LastSwiftUpdateCheck = 0820;
				LastUpgradeCheck = 0820;
				ORGANIZATIONNAME = "Yuki Mitsudome";
				TargetAttributes = {
					5F4A3DCE1E88F424005F26E5 = {
						CreatedOnToolsVersion = 8.2.1;
						DevelopmentTeam = JNUV3AMKEJ;
						ProvisioningStyle = Automatic;
					};
					5F4A3DE21E88F424005F26E5 = {
						CreatedOnToolsVersion = 8.2.1;
						ProvisioningStyle = Automatic;
						TestTargetID = 5F4A3DCE1E88F424005F26E5;
					};
					5F4A3DED1E88F424005F26E5 = {
						CreatedOnToolsVersion = 8.2.1;
						ProvisioningStyle = Automatic;
						TestTargetID = 5F4A3DCE1E88F424005F26E5;
					};
				};
			};
			buildConfigurationList = 5F4A3DCA1E88F424005F26E5 /* Build configuration list for PBXProject "myApp" */;
			compatibilityVersion = "Xcode 3.2";
			developmentRegion = English;
			hasScannedForEncodings = 0;
			knownRegions = (
				en,
				Base,
			);
			mainGroup = 5F4A3DC61E88F424005F26E5;
			productRefGroup = 5F4A3DD01E88F424005F26E5 /* Products */;
			projectDirPath = "";
			projectRoot = "";
			targets = (
				5F4A3DCE1E88F424005F26E5 /* myApp */,
				5F4A3DE21E88F424005F26E5 /* myAppTests */,
				5F4A3DED1E88F424005F26E5 /* myAppUITests */,
			);
		};
/* End PBXProject section */

/* Begin PBXResourcesBuildPhase section */
		5F4A3DCD1E88F424005F26E5 /* Resources */ = {
			isa = PBXResourcesBuildPhase;
			buildActionMask = 2147483647;
			files = (
				5F9095C91EAE7BA4008BD453 /* Pin.png in Resources */,
				5FF4B8221EACAA05009920FD /* kesiki.jpg in Resources */,
				5F9095C71EAE7B7D008BD453 /* Note.png in Resources */,
				5F55314F1EACC675004025E4 /* kame.png in Resources */,
				5F4A3DDD1E88F424005F26E5 /* LaunchScreen.storyboard in Resources */,
				5F021C891EB1B0B000923682 /* umi.png in Resources */,
				5F7FF96F1EAB60A400FB770C /* haikei.png in Resources */,
				5F04D0E31EABDE080063854C /* List.png in Resources */,
				5F4A3DDA1E88F424005F26E5 /* Assets.xcassets in Resources */,
				5F4A3DD81E88F424005F26E5 /* Main.storyboard in Resources */,
			);
			runOnlyForDeploymentPostprocessing = 0;
		};
		5F4A3DE11E88F424005F26E5 /* Resources */ = {
			isa = PBXResourcesBuildPhase;
			buildActionMask = 2147483647;
			files = (
			);
			runOnlyForDeploymentPostprocessing = 0;
		};
		5F4A3DEC1E88F424005F26E5 /* Resources */ = {
			isa = PBXResourcesBuildPhase;
			buildActionMask = 2147483647;
			files = (
			);
			runOnlyForDeploymentPostprocessing = 0;
		};
/* End PBXResourcesBuildPhase section */

/* Begin PBXSourcesBuildPhase section */
		5F4A3DCB1E88F424005F26E5 /* Sources */ = {
			isa = PBXSourcesBuildPhase;
			buildActionMask = 2147483647;
			files = (
				5F0874A51E93700E0027A0D6 /* myApp.xcdatamodeld in Sources */,
				5F4A3E051E88F9DB005F26E5 /* memoViewController.swift in Sources */,
				5F4A3E031E88F986005F26E5 /* writeDiaryViewController.swift in Sources */,
				5F4A3DD51E88F424005F26E5 /* ViewController.swift in Sources */,
				5F4A3DD31E88F424005F26E5 /* AppDelegate.swift in Sources */,
				5F18080E1EA73A9C008A8380 /* DIARY+CoreDataProperties.swift in Sources */,
				5F0C2FA91EA4946A005E017D /* listViewController.swift in Sources */,
				5F065FF81EA9CF3800DBBADF /* customPin.swift in Sources */,
				5F18080D1EA73A9C008A8380 /* DIARY+CoreDataClass.swift in Sources */,
				5FE657271E8CD4580090ACAC /* mapMapViewController.swift in Sources */,
				5F7FF96D1EAB415E00FB770C /* mainTabbarController.swift in Sources */,
				5FE522951E8E1D860004D0FC /* showDiaryViewController.swift in Sources */,
			);
			runOnlyForDeploymentPostprocessing = 0;
		};
		5F4A3DDF1E88F424005F26E5 /* Sources */ = {
			isa = PBXSourcesBuildPhase;
			buildActionMask = 2147483647;
			files = (
				5F4A3DE81E88F424005F26E5 /* myAppTests.swift in Sources */,
			);
			runOnlyForDeploymentPostprocessing = 0;
		};
		5F4A3DEA1E88F424005F26E5 /* Sources */ = {
			isa = PBXSourcesBuildPhase;
			buildActionMask = 2147483647;
			files = (
				5F4A3DF31E88F424005F26E5 /* myAppUITests.swift in Sources */,
			);
			runOnlyForDeploymentPostprocessing = 0;
		};
/* End PBXSourcesBuildPhase section */

/* Begin PBXTargetDependency section */
		5F4A3DE51E88F424005F26E5 /* PBXTargetDependency */ = {
			isa = PBXTargetDependency;
			target = 5F4A3DCE1E88F424005F26E5 /* myApp */;
			targetProxy = 5F4A3DE41E88F424005F26E5 /* PBXContainerItemProxy */;
		};
		5F4A3DF01E88F424005F26E5 /* PBXTargetDependency */ = {
			isa = PBXTargetDependency;
			target = 5F4A3DCE1E88F424005F26E5 /* myApp */;
			targetProxy = 5F4A3DEF1E88F424005F26E5 /* PBXContainerItemProxy */;
		};
/* End PBXTargetDependency section */

/* Begin PBXVariantGroup section */
		5F4A3DD61E88F424005F26E5 /* Main.storyboard */ = {
			isa = PBXVariantGroup;
			children = (
				5F4A3DD71E88F424005F26E5 /* Base */,
			);
			name = Main.storyboard;
			sourceTree = "<group>";
		};
		5F4A3DDB1E88F424005F26E5 /* LaunchScreen.storyboard */ = {
			isa = PBXVariantGroup;
			children = (
				5F4A3DDC1E88F424005F26E5 /* Base */,
			);
			name = LaunchScreen.storyboard;
			sourceTree = "<group>";
		};
/* End PBXVariantGroup section */

/* Begin XCBuildConfiguration section */
		5F4A3DF51E88F424005F26E5 /* Debug */ = {
			isa = XCBuildConfiguration;
			buildSettings = {
				ALWAYS_SEARCH_USER_PATHS = NO;
				CLANG_ANALYZER_NONNULL = YES;
				CLANG_CXX_LANGUAGE_STANDARD = "gnu++0x";
				CLANG_CXX_LIBRARY = "libc++";
				CLANG_ENABLE_MODULES = YES;
				CLANG_ENABLE_OBJC_ARC = YES;
				CLANG_WARN_BOOL_CONVERSION = YES;
				CLANG_WARN_CONSTANT_CONVERSION = YES;
				CLANG_WARN_DIRECT_OBJC_ISA_USAGE = YES_ERROR;
				CLANG_WARN_DOCUMENTATION_COMMENTS = YES;
				CLANG_WARN_EMPTY_BODY = YES;
				CLANG_WARN_ENUM_CONVERSION = YES;
				CLANG_WARN_INFINITE_RECURSION = YES;
				CLANG_WARN_INT_CONVERSION = YES;
				CLANG_WARN_OBJC_ROOT_CLASS = YES_ERROR;
				CLANG_WARN_SUSPICIOUS_MOVE = YES;
				CLANG_WARN_UNREACHABLE_CODE = YES;
				CLANG_WARN__DUPLICATE_METHOD_MATCH = YES;
				"CODE_SIGN_IDENTITY[sdk=iphoneos*]" = "iPhone Developer";
				COPY_PHASE_STRIP = NO;
				DEBUG_INFORMATION_FORMAT = dwarf;
				ENABLE_STRICT_OBJC_MSGSEND = YES;
				ENABLE_TESTABILITY = YES;
				GCC_C_LANGUAGE_STANDARD = gnu99;
				GCC_DYNAMIC_NO_PIC = NO;
				GCC_NO_COMMON_BLOCKS = YES;
				GCC_OPTIMIZATION_LEVEL = 0;
				GCC_PREPROCESSOR_DEFINITIONS = (
					"DEBUG=1",
					"$(inherited)",
				);
				GCC_WARN_64_TO_32_BIT_CONVERSION = YES;
				GCC_WARN_ABOUT_RETURN_TYPE = YES_ERROR;
				GCC_WARN_UNDECLARED_SELECTOR = YES;
				GCC_WARN_UNINITIALIZED_AUTOS = YES_AGGRESSIVE;
				GCC_WARN_UNUSED_FUNCTION = YES;
				GCC_WARN_UNUSED_VARIABLE = YES;
				IPHONEOS_DEPLOYMENT_TARGET = 10.2;
				MTL_ENABLE_DEBUG_INFO = YES;
				ONLY_ACTIVE_ARCH = YES;
				SDKROOT = iphoneos;
				SWIFT_ACTIVE_COMPILATION_CONDITIONS = DEBUG;
				SWIFT_OPTIMIZATION_LEVEL = "-Onone";
				TARGETED_DEVICE_FAMILY = "1,2";
			};
			name = Debug;
		};
		5F4A3DF61E88F424005F26E5 /* Release */ = {
			isa = XCBuildConfiguration;
			buildSettings = {
				ALWAYS_SEARCH_USER_PATHS = NO;
				CLANG_ANALYZER_NONNULL = YES;
				CLANG_CXX_LANGUAGE_STANDARD = "gnu++0x";
				CLANG_CXX_LIBRARY = "libc++";
				CLANG_ENABLE_MODULES = YES;
				CLANG_ENABLE_OBJC_ARC = YES;
				CLANG_WARN_BOOL_CONVERSION = YES;
				CLANG_WARN_CONSTANT_CONVERSION = YES;
				CLANG_WARN_DIRECT_OBJC_ISA_USAGE = YES_ERROR;
				CLANG_WARN_DOCUMENTATION_COMMENTS = YES;
				CLANG_WARN_EMPTY_BODY = YES;
				CLANG_WARN_ENUM_CONVERSION = YES;
				CLANG_WARN_INFINITE_RECURSION = YES;
				CLANG_WARN_INT_CONVERSION = YES;
				CLANG_WARN_OBJC_ROOT_CLASS = YES_ERROR;
				CLANG_WARN_SUSPICIOUS_MOVE = YES;
				CLANG_WARN_UNREACHABLE_CODE = YES;
				CLANG_WARN__DUPLICATE_METHOD_MATCH = YES;
				"CODE_SIGN_IDENTITY[sdk=iphoneos*]" = "iPhone Developer";
				COPY_PHASE_STRIP = NO;
				DEBUG_INFORMATION_FORMAT = "dwarf-with-dsym";
				ENABLE_NS_ASSERTIONS = NO;
				ENABLE_STRICT_OBJC_MSGSEND = YES;
				GCC_C_LANGUAGE_STANDARD = gnu99;
				GCC_NO_COMMON_BLOCKS = YES;
				GCC_WARN_64_TO_32_BIT_CONVERSION = YES;
				GCC_WARN_ABOUT_RETURN_TYPE = YES_ERROR;
				GCC_WARN_UNDECLARED_SELECTOR = YES;
				GCC_WARN_UNINITIALIZED_AUTOS = YES_AGGRESSIVE;
				GCC_WARN_UNUSED_FUNCTION = YES;
				GCC_WARN_UNUSED_VARIABLE = YES;
				IPHONEOS_DEPLOYMENT_TARGET = 10.2;
				MTL_ENABLE_DEBUG_INFO = NO;
				SDKROOT = iphoneos;
				SWIFT_OPTIMIZATION_LEVEL = "-Owholemodule";
				TARGETED_DEVICE_FAMILY = "1,2";
				VALIDATE_PRODUCT = YES;
			};
			name = Release;
		};
		5F4A3DF81E88F424005F26E5 /* Debug */ = {
			isa = XCBuildConfiguration;
			buildSettings = {
				ASSETCATALOG_COMPILER_APPICON_NAME = AppIcon;
				DEVELOPMENT_TEAM = JNUV3AMKEJ;
				FRAMEWORK_SEARCH_PATHS = (
					"$(inherited)",
					"$(PROJECT_DIR)/myApp",
				);
				INFOPLIST_FILE = myApp/Info.plist;
				LD_RUNPATH_SEARCH_PATHS = "$(inherited) @executable_path/Frameworks";
				PRODUCT_BUNDLE_IDENTIFIER = com.yukimitsudome.myapplication;
				PRODUCT_NAME = "$(TARGET_NAME)";
				SWIFT_VERSION = 3.0;
			};
			name = Debug;
		};
		5F4A3DF91E88F424005F26E5 /* Release */ = {
			isa = XCBuildConfiguration;
			buildSettings = {
				ASSETCATALOG_COMPILER_APPICON_NAME = AppIcon;
				DEVELOPMENT_TEAM = JNUV3AMKEJ;
				FRAMEWORK_SEARCH_PATHS = (
					"$(inherited)",
					"$(PROJECT_DIR)/myApp",
				);
				INFOPLIST_FILE = myApp/Info.plist;
				LD_RUNPATH_SEARCH_PATHS = "$(inherited) @executable_path/Frameworks";
				PRODUCT_BUNDLE_IDENTIFIER = com.yukimitsudome.myapplication;
				PRODUCT_NAME = "$(TARGET_NAME)";
				SWIFT_VERSION = 3.0;
			};
			name = Release;
		};
		5F4A3DFB1E88F424005F26E5 /* Debug */ = {
			isa = XCBuildConfiguration;
			buildSettings = {
				ALWAYS_EMBED_SWIFT_STANDARD_LIBRARIES = YES;
				BUNDLE_LOADER = "$(TEST_HOST)";
				INFOPLIST_FILE = myAppTests/Info.plist;
				LD_RUNPATH_SEARCH_PATHS = "$(inherited) @executable_path/Frameworks @loader_path/Frameworks";
				PRODUCT_BUNDLE_IDENTIFIER = com.yukimitsudome.myAppTests;
				PRODUCT_NAME = "$(TARGET_NAME)";
				SWIFT_VERSION = 3.0;
				TEST_HOST = "$(BUILT_PRODUCTS_DIR)/myApp.app/myApp";
			};
			name = Debug;
		};
		5F4A3DFC1E88F424005F26E5 /* Release */ = {
			isa = XCBuildConfiguration;
			buildSettings = {
				ALWAYS_EMBED_SWIFT_STANDARD_LIBRARIES = YES;
				BUNDLE_LOADER = "$(TEST_HOST)";
				INFOPLIST_FILE = myAppTests/Info.plist;
				LD_RUNPATH_SEARCH_PATHS = "$(inherited) @executable_path/Frameworks @loader_path/Frameworks";
				PRODUCT_BUNDLE_IDENTIFIER = com.yukimitsudome.myAppTests;
				PRODUCT_NAME = "$(TARGET_NAME)";
				SWIFT_VERSION = 3.0;
				TEST_HOST = "$(BUILT_PRODUCTS_DIR)/myApp.app/myApp";
			};
			name = Release;
		};
		5F4A3DFE1E88F424005F26E5 /* Debug */ = {
			isa = XCBuildConfiguration;
			buildSettings = {
				ALWAYS_EMBED_SWIFT_STANDARD_LIBRARIES = YES;
				INFOPLIST_FILE = myAppUITests/Info.plist;
				LD_RUNPATH_SEARCH_PATHS = "$(inherited) @executable_path/Frameworks @loader_path/Frameworks";
				PRODUCT_BUNDLE_IDENTIFIER = com.yukimitsudome.myAppUITests;
				PRODUCT_NAME = "$(TARGET_NAME)";
				SWIFT_VERSION = 3.0;
				TEST_TARGET_NAME = myApp;
			};
			name = Debug;
		};
		5F4A3DFF1E88F424005F26E5 /* Release */ = {
			isa = XCBuildConfiguration;
			buildSettings = {
				ALWAYS_EMBED_SWIFT_STANDARD_LIBRARIES = YES;
				INFOPLIST_FILE = myAppUITests/Info.plist;
				LD_RUNPATH_SEARCH_PATHS = "$(inherited) @executable_path/Frameworks @loader_path/Frameworks";
				PRODUCT_BUNDLE_IDENTIFIER = com.yukimitsudome.myAppUITests;
				PRODUCT_NAME = "$(TARGET_NAME)";
				SWIFT_VERSION = 3.0;
				TEST_TARGET_NAME = myApp;
			};
			name = Release;
		};
/* End XCBuildConfiguration section */

/* Begin XCConfigurationList section */
		5F4A3DCA1E88F424005F26E5 /* Build configuration list for PBXProject "myApp" */ = {
			isa = XCConfigurationList;
			buildConfigurations = (
				5F4A3DF51E88F424005F26E5 /* Debug */,
				5F4A3DF61E88F424005F26E5 /* Release */,
			);
			defaultConfigurationIsVisible = 0;
			defaultConfigurationName = Release;
		};
		5F4A3DF71E88F424005F26E5 /* Build configuration list for PBXNativeTarget "myApp" */ = {
			isa = XCConfigurationList;
			buildConfigurations = (
				5F4A3DF81E88F424005F26E5 /* Debug */,
				5F4A3DF91E88F424005F26E5 /* Release */,
			);
			defaultConfigurationIsVisible = 0;
			defaultConfigurationName = Release;
		};
		5F4A3DFA1E88F424005F26E5 /* Build configuration list for PBXNativeTarget "myAppTests" */ = {
			isa = XCConfigurationList;
			buildConfigurations = (
				5F4A3DFB1E88F424005F26E5 /* Debug */,
				5F4A3DFC1E88F424005F26E5 /* Release */,
			);
			defaultConfigurationIsVisible = 0;
			defaultConfigurationName = Release;
		};
		5F4A3DFD1E88F424005F26E5 /* Build configuration list for PBXNativeTarget "myAppUITests" */ = {
			isa = XCConfigurationList;
			buildConfigurations = (
				5F4A3DFE1E88F424005F26E5 /* Debug */,
				5F4A3DFF1E88F424005F26E5 /* Release */,
			);
			defaultConfigurationIsVisible = 0;
			defaultConfigurationName = Release;
		};
/* End XCConfigurationList section */

/* Begin XCVersionGroup section */
		5F0874A31E93700E0027A0D6 /* myApp.xcdatamodeld */ = {
			isa = XCVersionGroup;
			children = (
				5F0874A41E93700E0027A0D6 /* myApp.xcdatamodel */,
			);
			currentVersion = 5F0874A41E93700E0027A0D6 /* myApp.xcdatamodel */;
			path = myApp.xcdatamodeld;
			sourceTree = "<group>";
			versionGroupType = wrapper.xcdatamodel;
		};
/* End XCVersionGroup section */
	};
	rootObject = 5F4A3DC71E88F424005F26E5 /* Project object */;
}
